// !$*UTF8*$!
{
	archiveVersion = 1;
	classes = {
	};
	objectVersion = 50;
	objects = {

/* Begin PBXBuildFile section */
		50026AA22430AC0B0049387E /* SplitView.swift in Sources */ = {isa = PBXBuildFile; fileRef = 50026AA12430AC0B0049387E /* SplitView.swift */; };
		50026AD02430EED80049387E /* String+Extension.swift in Sources */ = {isa = PBXBuildFile; fileRef = 50026ACF2430EED80049387E /* String+Extension.swift */; };
		50026AD22430F02F0049387E /* PDFPage+Extension.swift in Sources */ = {isa = PBXBuildFile; fileRef = 50026AD12430F02F0049387E /* PDFPage+Extension.swift */; };
		5004C800248FEB110075E02D /* ColorSwatchButton.swift in Sources */ = {isa = PBXBuildFile; fileRef = 5004C7FF248FEB110075E02D /* ColorSwatchButton.swift */; };
		500A5A48242B52D100EFE246 /* NSImageView+Extension.swift in Sources */ = {isa = PBXBuildFile; fileRef = 500A5A47242B52D100EFE246 /* NSImageView+Extension.swift */; };
		500A5A4A242B8D9900EFE246 /* PointerView.swift in Sources */ = {isa = PBXBuildFile; fileRef = 500A5A49242B8D9900EFE246 /* PointerView.swift */; };
		500ECC9E24A15C050053F2EC /* PointerDisplayView.swift in Sources */ = {isa = PBXBuildFile; fileRef = 500ECC9D24A15C050053F2EC /* PointerDisplayView.swift */; };
		50208BA52429028000444E73 /* NSColor+Extension.swift in Sources */ = {isa = PBXBuildFile; fileRef = 50208BA42429028000444E73 /* NSColor+Extension.swift */; };
		5025C9B02490EBA0001898D1 /* DrawingToolbar.swift in Sources */ = {isa = PBXBuildFile; fileRef = 5025C9AF2490EBA0001898D1 /* DrawingToolbar.swift */; };
		5028D31D245D835A00DD45F3 /* SlideArrangementView+ViewSetup.swift in Sources */ = {isa = PBXBuildFile; fileRef = 5028D31B245D835A00DD45F3 /* SlideArrangementView+ViewSetup.swift */; };
		5033EBB824913A0800B05094 /* CanvasController.swift in Sources */ = {isa = PBXBuildFile; fileRef = 5033EBB724913A0800B05094 /* CanvasController.swift */; };
		5036BD8A2435F8CD0007AF6F /* AppStartTracker.swift in Sources */ = {isa = PBXBuildFile; fileRef = 5036BD892435F8CD0007AF6F /* AppStartTracker.swift */; };
		503834552434721600E73E43 /* Sparkle.framework in Frameworks */ = {isa = PBXBuildFile; fileRef = 503834542434721600E73E43 /* Sparkle.framework */; };
		503834572434723A00E73E43 /* Sparkle.framework in CopyFiles */ = {isa = PBXBuildFile; fileRef = 503834542434721600E73E43 /* Sparkle.framework */; settings = {ATTRIBUTES = (CodeSignOnCopy, RemoveHeadersOnCopy, ); }; };
		5038345A24349E8F00E73E43 /* PDFKit.framework in Frameworks */ = {isa = PBXBuildFile; fileRef = 5038345924349E8F00E73E43 /* PDFKit.framework */; };
		5038345C24349F4B00E73E43 /* Colors.swift in Sources */ = {isa = PBXBuildFile; fileRef = 5038345B24349F4B00E73E43 /* Colors.swift */; };
		503FFDFA242A098900B6F438 /* NSDatePicker+Extension.swift in Sources */ = {isa = PBXBuildFile; fileRef = 503FFDF9242A098900B6F438 /* NSDatePicker+Extension.swift */; };
		503FFDFC242A180000B6F438 /* PresenterWindowController.swift in Sources */ = {isa = PBXBuildFile; fileRef = 503FFDFB242A180000B6F438 /* PresenterWindowController.swift */; };
		503FFDFF242A193500B6F438 /* PresentationWindowController.swift in Sources */ = {isa = PBXBuildFile; fileRef = 503FFDFD242A193500B6F438 /* PresentationWindowController.swift */; };
		503FFE02242A195300B6F438 /* PresentationViewController.swift in Sources */ = {isa = PBXBuildFile; fileRef = 503FFE01242A195300B6F438 /* PresentationViewController.swift */; };
		50440BB3243357AA000C0C9E /* ThumbnailView.swift in Sources */ = {isa = PBXBuildFile; fileRef = 50440BB2243357AA000C0C9E /* ThumbnailView.swift */; };
		50440BB5243357C1000C0C9E /* Clipfree.swift in Sources */ = {isa = PBXBuildFile; fileRef = 50440BB4243357C1000C0C9E /* Clipfree.swift */; };
		50440BB7243357F5000C0C9E /* ThumbnailNavigation.swift in Sources */ = {isa = PBXBuildFile; fileRef = 50440BB6243357F5000C0C9E /* ThumbnailNavigation.swift */; };
		50440BB924339CEA000C0C9E /* README.md in Resources */ = {isa = PBXBuildFile; fileRef = 50440BB824339CEA000C0C9E /* README.md */; };
		505243B72445AF650050AB98 /* RenderCache.swift in Sources */ = {isa = PBXBuildFile; fileRef = 505243B62445AF650050AB98 /* RenderCache.swift */; };
		5070AA5A24619C400025B8C5 /* TimeController.swift in Sources */ = {isa = PBXBuildFile; fileRef = 5070AA5924619C400025B8C5 /* TimeController.swift */; };
		5077493B247A8C4000316F0B /* PresenterWindow.swift in Sources */ = {isa = PBXBuildFile; fileRef = 50774939247A8C4000316F0B /* PresenterWindow.swift */; };
		5077493C247A8C4000316F0B /* NavigationWindow.swift in Sources */ = {isa = PBXBuildFile; fileRef = 5077493A247A8C4000316F0B /* NavigationWindow.swift */; };
		50849E7D247D3D0C00548712 /* TextFormatController.swift in Sources */ = {isa = PBXBuildFile; fileRef = 50849E7C247D3D0C00548712 /* TextFormatController.swift */; };
		508BBD622460591800F81FFF /* UserNotice.swift in Sources */ = {isa = PBXBuildFile; fileRef = 508BBD612460591800F81FFF /* UserNotice.swift */; };
		508BBD642460966800F81FFF /* CAKeyframeAnimation+Extension.swift in Sources */ = {isa = PBXBuildFile; fileRef = 508BBD632460966800F81FFF /* CAKeyframeAnimation+Extension.swift */; };
		509B96F72428A3AC0076B8B4 /* AppDelegate.swift in Sources */ = {isa = PBXBuildFile; fileRef = 509B96F62428A3AC0076B8B4 /* AppDelegate.swift */; };
		509B96F92428A3AC0076B8B4 /* PresenterViewController.swift in Sources */ = {isa = PBXBuildFile; fileRef = 509B96F82428A3AC0076B8B4 /* PresenterViewController.swift */; };
		509B96FB2428A3AE0076B8B4 /* Assets.xcassets in Resources */ = {isa = PBXBuildFile; fileRef = 509B96FA2428A3AE0076B8B4 /* Assets.xcassets */; };
		509B96FE2428A3AE0076B8B4 /* Main.storyboard in Resources */ = {isa = PBXBuildFile; fileRef = 509B96FC2428A3AE0076B8B4 /* Main.storyboard */; };
		509B97082428A3DD0076B8B4 /* PDFPageView.swift in Sources */ = {isa = PBXBuildFile; fileRef = 509B97072428A3DD0076B8B4 /* PDFPageView.swift */; };
		509B970A2428A6FD0076B8B4 /* TimeView.swift in Sources */ = {isa = PBXBuildFile; fileRef = 509B97092428A6FD0076B8B4 /* TimeView.swift */; };
		509B970C2428AA2F0076B8B4 /* TimingControl.swift in Sources */ = {isa = PBXBuildFile; fileRef = 509B970B2428AA2F0076B8B4 /* TimingControl.swift */; };
		509B970E2428B0A90076B8B4 /* TimeInterval+Extension.swift in Sources */ = {isa = PBXBuildFile; fileRef = 509B970D2428B0A90076B8B4 /* TimeInterval+Extension.swift */; };
		509B97172428B16D0076B8B4 /* TimeIntervalExtTests.swift in Sources */ = {isa = PBXBuildFile; fileRef = 509B97162428B16D0076B8B4 /* TimeIntervalExtTests.swift */; };
		509B971F2428B6A10076B8B4 /* ClockLabel.swift in Sources */ = {isa = PBXBuildFile; fileRef = 509B971E2428B6A10076B8B4 /* ClockLabel.swift */; };
		509B97292428CBBD0076B8B4 /* SlideArrangementView.swift in Sources */ = {isa = PBXBuildFile; fileRef = 509B97282428CBBD0076B8B4 /* SlideArrangementView.swift */; };
		509B972F2428D74E0076B8B4 /* SlideView.swift in Sources */ = {isa = PBXBuildFile; fileRef = 509B972E2428D74E0076B8B4 /* SlideView.swift */; };
		50B14415248037F700532A8B /* NotesEditor.swift in Sources */ = {isa = PBXBuildFile; fileRef = 50B14414248037F700532A8B /* NotesEditor.swift */; };
		50B1441724803E5C00532A8B /* SlideInfoLabel.swift in Sources */ = {isa = PBXBuildFile; fileRef = 50B1441624803E5C00532A8B /* SlideInfoLabel.swift */; };
		50B3C3032497F5DB006D5E48 /* Drawing.swift in Sources */ = {isa = PBXBuildFile; fileRef = 50B3C3022497F5DB006D5E48 /* Drawing.swift */; };
		50B3C3052497F6D4006D5E48 /* CanvasView.swift in Sources */ = {isa = PBXBuildFile; fileRef = 50B3C3042497F6D4006D5E48 /* CanvasView.swift */; };
		50C46F79247E76AD001602EA /* CompletionStatus.swift in Sources */ = {isa = PBXBuildFile; fileRef = 50C46F78247E76AD001602EA /* CompletionStatus.swift */; };
		50C77F39242CD32500066752 /* Localizable.strings in Resources */ = {isa = PBXBuildFile; fileRef = 50C77F3B242CD32500066752 /* Localizable.strings */; };
		50DD8B292458819600E83784 /* PresenterWindowController+TouchBar.swift in Sources */ = {isa = PBXBuildFile; fileRef = 50DD8B282458819600E83784 /* PresenterWindowController+TouchBar.swift */; };
		50DD8B2B245881C700E83784 /* TouchBarIdentifiers.swift in Sources */ = {isa = PBXBuildFile; fileRef = 50DD8B2A245881C700E83784 /* TouchBarIdentifiers.swift */; };
		50DD8B2D2458DCED00E83784 /* PointerAppearanceTouchBar.swift in Sources */ = {isa = PBXBuildFile; fileRef = 50DD8B2C2458DCED00E83784 /* PointerAppearanceTouchBar.swift */; };
		50E2E5E8247AA12800CE6FDA /* NotesTextView.swift in Sources */ = {isa = PBXBuildFile; fileRef = 50E2E5E7247AA12800CE6FDA /* NotesTextView.swift */; };
		50E2E5EC247AB84C00CE6FDA /* NotesDocument.swift in Sources */ = {isa = PBXBuildFile; fileRef = 50E2E5EB247AB84C00CE6FDA /* NotesDocument.swift */; };
		50E2E5EE247AC05500CE6FDA /* NSAttributedString+Extension.swift in Sources */ = {isa = PBXBuildFile; fileRef = 50E2E5ED247AC05500CE6FDA /* NSAttributedString+Extension.swift */; };
		50EF741224538F690028DB06 /* DocumentController.swift in Sources */ = {isa = PBXBuildFile; fileRef = 50EF741124538F690028DB06 /* DocumentController.swift */; };
		50EF741424539A3E0028DB06 /* DisplayController.swift in Sources */ = {isa = PBXBuildFile; fileRef = 50EF741324539A3E0028DB06 /* DisplayController.swift */; };
		50FA6B98245356F000EDEFC6 /* PageController.swift in Sources */ = {isa = PBXBuildFile; fileRef = 50FA6B97245356F000EDEFC6 /* PageController.swift */; };
		50FA9A782498B13E0046E2C0 /* IconButton.swift in Sources */ = {isa = PBXBuildFile; fileRef = 50FA9A772498B13E0046E2C0 /* IconButton.swift */; };
		50FF8D9E242CC32C00B0389B /* PresentationWindow.swift in Sources */ = {isa = PBXBuildFile; fileRef = 50FF8D9D242CC32C00B0389B /* PresentationWindow.swift */; };
/* End PBXBuildFile section */

/* Begin PBXContainerItemProxy section */
		509B97192428B16D0076B8B4 /* PBXContainerItemProxy */ = {
			isa = PBXContainerItemProxy;
			containerPortal = 509B96EB2428A3AC0076B8B4 /* Project object */;
			proxyType = 1;
			remoteGlobalIDString = 509B96F22428A3AC0076B8B4;
			remoteInfo = Slidejar;
		};
/* End PBXContainerItemProxy section */

/* Begin PBXCopyFilesBuildPhase section */
		503834562434722B00E73E43 /* CopyFiles */ = {
			isa = PBXCopyFilesBuildPhase;
			buildActionMask = 2147483647;
			dstPath = "";
			dstSubfolderSpec = 10;
			files = (
				503834572434723A00E73E43 /* Sparkle.framework in CopyFiles */,
			);
			runOnlyForDeploymentPostprocessing = 0;
		};
/* End PBXCopyFilesBuildPhase section */

/* Begin PBXFileReference section */
		50026AA12430AC0B0049387E /* SplitView.swift */ = {isa = PBXFileReference; lastKnownFileType = sourcecode.swift; path = SplitView.swift; sourceTree = "<group>"; };
		50026ACF2430EED80049387E /* String+Extension.swift */ = {isa = PBXFileReference; lastKnownFileType = sourcecode.swift; path = "String+Extension.swift"; sourceTree = "<group>"; };
		50026AD12430F02F0049387E /* PDFPage+Extension.swift */ = {isa = PBXFileReference; lastKnownFileType = sourcecode.swift; path = "PDFPage+Extension.swift"; sourceTree = "<group>"; };
		5004C7FF248FEB110075E02D /* ColorSwatchButton.swift */ = {isa = PBXFileReference; lastKnownFileType = sourcecode.swift; path = ColorSwatchButton.swift; sourceTree = "<group>"; };
		500A5A47242B52D100EFE246 /* NSImageView+Extension.swift */ = {isa = PBXFileReference; lastKnownFileType = sourcecode.swift; path = "NSImageView+Extension.swift"; sourceTree = "<group>"; };
		500A5A49242B8D9900EFE246 /* PointerView.swift */ = {isa = PBXFileReference; lastKnownFileType = sourcecode.swift; path = PointerView.swift; sourceTree = "<group>"; };
		500ECC9D24A15C050053F2EC /* PointerDisplayView.swift */ = {isa = PBXFileReference; lastKnownFileType = sourcecode.swift; path = PointerDisplayView.swift; sourceTree = "<group>"; };
		50208BA42429028000444E73 /* NSColor+Extension.swift */ = {isa = PBXFileReference; lastKnownFileType = sourcecode.swift; path = "NSColor+Extension.swift"; sourceTree = "<group>"; };
		5025C9AF2490EBA0001898D1 /* DrawingToolbar.swift */ = {isa = PBXFileReference; lastKnownFileType = sourcecode.swift; path = DrawingToolbar.swift; sourceTree = "<group>"; };
		5028D31B245D835A00DD45F3 /* SlideArrangementView+ViewSetup.swift */ = {isa = PBXFileReference; lastKnownFileType = sourcecode.swift; path = "SlideArrangementView+ViewSetup.swift"; sourceTree = "<group>"; };
		5033EBB724913A0800B05094 /* CanvasController.swift */ = {isa = PBXFileReference; lastKnownFileType = sourcecode.swift; path = CanvasController.swift; sourceTree = "<group>"; };
		5036BD892435F8CD0007AF6F /* AppStartTracker.swift */ = {isa = PBXFileReference; lastKnownFileType = sourcecode.swift; path = AppStartTracker.swift; sourceTree = "<group>"; };
		503834542434721600E73E43 /* Sparkle.framework */ = {isa = PBXFileReference; lastKnownFileType = wrapper.framework; path = Sparkle.framework; sourceTree = "<group>"; };
		5038345924349E8F00E73E43 /* PDFKit.framework */ = {isa = PBXFileReference; lastKnownFileType = wrapper.framework; name = PDFKit.framework; path = System/Library/Frameworks/PDFKit.framework; sourceTree = SDKROOT; };
		5038345B24349F4B00E73E43 /* Colors.swift */ = {isa = PBXFileReference; lastKnownFileType = sourcecode.swift; path = Colors.swift; sourceTree = "<group>"; };
		503FFDF9242A098900B6F438 /* NSDatePicker+Extension.swift */ = {isa = PBXFileReference; lastKnownFileType = sourcecode.swift; path = "NSDatePicker+Extension.swift"; sourceTree = "<group>"; };
		503FFDFB242A180000B6F438 /* PresenterWindowController.swift */ = {isa = PBXFileReference; lastKnownFileType = sourcecode.swift; path = PresenterWindowController.swift; sourceTree = "<group>"; };
		503FFDFD242A193500B6F438 /* PresentationWindowController.swift */ = {isa = PBXFileReference; lastKnownFileType = sourcecode.swift; path = PresentationWindowController.swift; sourceTree = "<group>"; };
		503FFE01242A195300B6F438 /* PresentationViewController.swift */ = {isa = PBXFileReference; lastKnownFileType = sourcecode.swift; path = PresentationViewController.swift; sourceTree = "<group>"; };
		50440BB2243357AA000C0C9E /* ThumbnailView.swift */ = {isa = PBXFileReference; lastKnownFileType = sourcecode.swift; path = ThumbnailView.swift; sourceTree = "<group>"; };
		50440BB4243357C1000C0C9E /* Clipfree.swift */ = {isa = PBXFileReference; lastKnownFileType = sourcecode.swift; path = Clipfree.swift; sourceTree = "<group>"; };
		50440BB6243357F5000C0C9E /* ThumbnailNavigation.swift */ = {isa = PBXFileReference; lastKnownFileType = sourcecode.swift; path = ThumbnailNavigation.swift; sourceTree = "<group>"; };
		50440BB824339CEA000C0C9E /* README.md */ = {isa = PBXFileReference; lastKnownFileType = net.daringfireball.markdown; path = README.md; sourceTree = "<group>"; };
		504450A0245ADFB900330984 /* fr */ = {isa = PBXFileReference; lastKnownFileType = text.plist.strings; name = fr; path = fr.lproj/Main.strings; sourceTree = "<group>"; };
		504450A1245ADFB900330984 /* fr */ = {isa = PBXFileReference; lastKnownFileType = text.plist.strings; name = fr; path = fr.lproj/Localizable.strings; sourceTree = "<group>"; };
		505243B62445AF650050AB98 /* RenderCache.swift */ = {isa = PBXFileReference; lastKnownFileType = sourcecode.swift; path = RenderCache.swift; sourceTree = "<group>"; };
		5070AA5924619C400025B8C5 /* TimeController.swift */ = {isa = PBXFileReference; lastKnownFileType = sourcecode.swift; path = TimeController.swift; sourceTree = "<group>"; };
		50774939247A8C4000316F0B /* PresenterWindow.swift */ = {isa = PBXFileReference; fileEncoding = 4; lastKnownFileType = sourcecode.swift; path = PresenterWindow.swift; sourceTree = "<group>"; };
		5077493A247A8C4000316F0B /* NavigationWindow.swift */ = {isa = PBXFileReference; fileEncoding = 4; lastKnownFileType = sourcecode.swift; path = NavigationWindow.swift; sourceTree = "<group>"; };
		50849E7C247D3D0C00548712 /* TextFormatController.swift */ = {isa = PBXFileReference; lastKnownFileType = sourcecode.swift; path = TextFormatController.swift; sourceTree = "<group>"; };
		508BBD612460591800F81FFF /* UserNotice.swift */ = {isa = PBXFileReference; lastKnownFileType = sourcecode.swift; path = UserNotice.swift; sourceTree = "<group>"; };
		508BBD632460966800F81FFF /* CAKeyframeAnimation+Extension.swift */ = {isa = PBXFileReference; lastKnownFileType = sourcecode.swift; path = "CAKeyframeAnimation+Extension.swift"; sourceTree = "<group>"; };
		509B96F32428A3AC0076B8B4 /* SlidePilot.app */ = {isa = PBXFileReference; explicitFileType = wrapper.application; includeInIndex = 0; path = SlidePilot.app; sourceTree = BUILT_PRODUCTS_DIR; };
		509B96F62428A3AC0076B8B4 /* AppDelegate.swift */ = {isa = PBXFileReference; lastKnownFileType = sourcecode.swift; path = AppDelegate.swift; sourceTree = "<group>"; };
		509B96F82428A3AC0076B8B4 /* PresenterViewController.swift */ = {isa = PBXFileReference; lastKnownFileType = sourcecode.swift; path = PresenterViewController.swift; sourceTree = "<group>"; };
		509B96FA2428A3AE0076B8B4 /* Assets.xcassets */ = {isa = PBXFileReference; lastKnownFileType = folder.assetcatalog; path = Assets.xcassets; sourceTree = "<group>"; };
		509B96FD2428A3AE0076B8B4 /* Base */ = {isa = PBXFileReference; lastKnownFileType = file.storyboard; name = Base; path = Base.lproj/Main.storyboard; sourceTree = "<group>"; };
		509B96FF2428A3AE0076B8B4 /* Info.plist */ = {isa = PBXFileReference; lastKnownFileType = text.plist.xml; path = Info.plist; sourceTree = "<group>"; };
		509B97002428A3AE0076B8B4 /* SlidePilot.entitlements */ = {isa = PBXFileReference; lastKnownFileType = text.plist.entitlements; path = SlidePilot.entitlements; sourceTree = "<group>"; };
		509B97072428A3DD0076B8B4 /* PDFPageView.swift */ = {isa = PBXFileReference; lastKnownFileType = sourcecode.swift; path = PDFPageView.swift; sourceTree = "<group>"; };
		509B97092428A6FD0076B8B4 /* TimeView.swift */ = {isa = PBXFileReference; lastKnownFileType = sourcecode.swift; path = TimeView.swift; sourceTree = "<group>"; };
		509B970B2428AA2F0076B8B4 /* TimingControl.swift */ = {isa = PBXFileReference; lastKnownFileType = sourcecode.swift; path = TimingControl.swift; sourceTree = "<group>"; };
		509B970D2428B0A90076B8B4 /* TimeInterval+Extension.swift */ = {isa = PBXFileReference; lastKnownFileType = sourcecode.swift; path = "TimeInterval+Extension.swift"; sourceTree = "<group>"; };
		509B97142428B16D0076B8B4 /* SlidePilotTests.xctest */ = {isa = PBXFileReference; explicitFileType = wrapper.cfbundle; includeInIndex = 0; path = SlidePilotTests.xctest; sourceTree = BUILT_PRODUCTS_DIR; };
		509B97162428B16D0076B8B4 /* TimeIntervalExtTests.swift */ = {isa = PBXFileReference; lastKnownFileType = sourcecode.swift; path = TimeIntervalExtTests.swift; sourceTree = "<group>"; };
		509B97182428B16D0076B8B4 /* Info.plist */ = {isa = PBXFileReference; lastKnownFileType = text.plist.xml; path = Info.plist; sourceTree = "<group>"; };
		509B971E2428B6A10076B8B4 /* ClockLabel.swift */ = {isa = PBXFileReference; lastKnownFileType = sourcecode.swift; path = ClockLabel.swift; sourceTree = "<group>"; };
		509B97282428CBBD0076B8B4 /* SlideArrangementView.swift */ = {isa = PBXFileReference; lastKnownFileType = sourcecode.swift; path = SlideArrangementView.swift; sourceTree = "<group>"; };
		509B972E2428D74E0076B8B4 /* SlideView.swift */ = {isa = PBXFileReference; lastKnownFileType = sourcecode.swift; path = SlideView.swift; sourceTree = "<group>"; };
		50B14414248037F700532A8B /* NotesEditor.swift */ = {isa = PBXFileReference; lastKnownFileType = sourcecode.swift; path = NotesEditor.swift; sourceTree = "<group>"; };
		50B1441624803E5C00532A8B /* SlideInfoLabel.swift */ = {isa = PBXFileReference; lastKnownFileType = sourcecode.swift; path = SlideInfoLabel.swift; sourceTree = "<group>"; };
		50B3C3022497F5DB006D5E48 /* Drawing.swift */ = {isa = PBXFileReference; lastKnownFileType = sourcecode.swift; path = Drawing.swift; sourceTree = "<group>"; };
		50B3C3042497F6D4006D5E48 /* CanvasView.swift */ = {isa = PBXFileReference; lastKnownFileType = sourcecode.swift; path = CanvasView.swift; sourceTree = "<group>"; };
		50C46F78247E76AD001602EA /* CompletionStatus.swift */ = {isa = PBXFileReference; lastKnownFileType = sourcecode.swift; path = CompletionStatus.swift; sourceTree = "<group>"; };
		50C77F2F242CCCC800066752 /* de */ = {isa = PBXFileReference; lastKnownFileType = text.plist.strings; name = de; path = de.lproj/Main.strings; sourceTree = "<group>"; };
		50C77F3A242CD32500066752 /* en */ = {isa = PBXFileReference; lastKnownFileType = text.plist.strings; name = en; path = en.lproj/Localizable.strings; sourceTree = "<group>"; };
		50C77F3C242CD32600066752 /* de */ = {isa = PBXFileReference; lastKnownFileType = text.plist.strings; name = de; path = de.lproj/Localizable.strings; sourceTree = "<group>"; };
		50DD8B282458819600E83784 /* PresenterWindowController+TouchBar.swift */ = {isa = PBXFileReference; lastKnownFileType = sourcecode.swift; path = "PresenterWindowController+TouchBar.swift"; sourceTree = "<group>"; };
		50DD8B2A245881C700E83784 /* TouchBarIdentifiers.swift */ = {isa = PBXFileReference; lastKnownFileType = sourcecode.swift; path = TouchBarIdentifiers.swift; sourceTree = "<group>"; };
		50DD8B2C2458DCED00E83784 /* PointerAppearanceTouchBar.swift */ = {isa = PBXFileReference; lastKnownFileType = sourcecode.swift; path = PointerAppearanceTouchBar.swift; sourceTree = "<group>"; };
		50E2E5E7247AA12800CE6FDA /* NotesTextView.swift */ = {isa = PBXFileReference; lastKnownFileType = sourcecode.swift; path = NotesTextView.swift; sourceTree = "<group>"; };
		50E2E5EB247AB84C00CE6FDA /* NotesDocument.swift */ = {isa = PBXFileReference; lastKnownFileType = sourcecode.swift; path = NotesDocument.swift; sourceTree = "<group>"; };
		50E2E5ED247AC05500CE6FDA /* NSAttributedString+Extension.swift */ = {isa = PBXFileReference; lastKnownFileType = sourcecode.swift; path = "NSAttributedString+Extension.swift"; sourceTree = "<group>"; };
		50EF741124538F690028DB06 /* DocumentController.swift */ = {isa = PBXFileReference; lastKnownFileType = sourcecode.swift; path = DocumentController.swift; sourceTree = "<group>"; };
		50EF741324539A3E0028DB06 /* DisplayController.swift */ = {isa = PBXFileReference; lastKnownFileType = sourcecode.swift; path = DisplayController.swift; sourceTree = "<group>"; };
		50FA6B97245356F000EDEFC6 /* PageController.swift */ = {isa = PBXFileReference; lastKnownFileType = sourcecode.swift; path = PageController.swift; sourceTree = "<group>"; };
		50FA9A772498B13E0046E2C0 /* IconButton.swift */ = {isa = PBXFileReference; lastKnownFileType = sourcecode.swift; path = IconButton.swift; sourceTree = "<group>"; };
		50FF8D9D242CC32C00B0389B /* PresentationWindow.swift */ = {isa = PBXFileReference; lastKnownFileType = sourcecode.swift; path = PresentationWindow.swift; sourceTree = "<group>"; };
/* End PBXFileReference section */

/* Begin PBXFrameworksBuildPhase section */
		509B96F02428A3AC0076B8B4 /* Frameworks */ = {
			isa = PBXFrameworksBuildPhase;
			buildActionMask = 2147483647;
			files = (
				5038345A24349E8F00E73E43 /* PDFKit.framework in Frameworks */,
				503834552434721600E73E43 /* Sparkle.framework in Frameworks */,
			);
			runOnlyForDeploymentPostprocessing = 0;
		};
		509B97112428B16D0076B8B4 /* Frameworks */ = {
			isa = PBXFrameworksBuildPhase;
			buildActionMask = 2147483647;
			files = (
			);
			runOnlyForDeploymentPostprocessing = 0;
		};
/* End PBXFrameworksBuildPhase section */

/* Begin PBXGroup section */
		50026AD32430F0CC0049387E /* Helpers */ = {
			isa = PBXGroup;
			children = (
				50026ACF2430EED80049387E /* String+Extension.swift */,
				50026AD12430F02F0049387E /* PDFPage+Extension.swift */,
				5038345B24349F4B00E73E43 /* Colors.swift */,
				5036BD892435F8CD0007AF6F /* AppStartTracker.swift */,
				505243B62445AF650050AB98 /* RenderCache.swift */,
				508BBD632460966800F81FFF /* CAKeyframeAnimation+Extension.swift */,
				50E2E5EB247AB84C00CE6FDA /* NotesDocument.swift */,
				50E2E5ED247AC05500CE6FDA /* NSAttributedString+Extension.swift */,
			);
			path = Helpers;
			sourceTree = "<group>";
		};
		5004C7FC248FE9E70075E02D /* Drawing */ = {
			isa = PBXGroup;
			children = (
				5004C7FF248FEB110075E02D /* ColorSwatchButton.swift */,
				5025C9AF2490EBA0001898D1 /* DrawingToolbar.swift */,
				50B3C3022497F5DB006D5E48 /* Drawing.swift */,
				50B3C3042497F6D4006D5E48 /* CanvasView.swift */,
				50FA9A772498B13E0046E2C0 /* IconButton.swift */,
			);
			path = Drawing;
			sourceTree = "<group>";
		};
		5038345824349E8F00E73E43 /* Frameworks */ = {
			isa = PBXGroup;
			children = (
				5038345924349E8F00E73E43 /* PDFKit.framework */,
			);
			name = Frameworks;
			sourceTree = "<group>";
		};
		50440BB02433574D000C0C9E /* Presentation */ = {
			isa = PBXGroup;
			children = (
				500ECC9D24A15C050053F2EC /* PointerDisplayView.swift */,
				500A5A49242B8D9900EFE246 /* PointerView.swift */,
			);
			path = Presentation;
			sourceTree = "<group>";
		};
		50440BB124335787000C0C9E /* Thumbnail */ = {
			isa = PBXGroup;
			children = (
				50440BB6243357F5000C0C9E /* ThumbnailNavigation.swift */,
				50440BB2243357AA000C0C9E /* ThumbnailView.swift */,
			);
			path = Thumbnail;
			sourceTree = "<group>";
		};
		509B96EA2428A3AC0076B8B4 = {
			isa = PBXGroup;
			children = (
				509B96F52428A3AC0076B8B4 /* SlidePilot */,
				509B97152428B16D0076B8B4 /* SlidePilotTests */,
				509B96F42428A3AC0076B8B4 /* Products */,
				5038345824349E8F00E73E43 /* Frameworks */,
			);
			sourceTree = "<group>";
		};
		509B96F42428A3AC0076B8B4 /* Products */ = {
			isa = PBXGroup;
			children = (
				509B96F32428A3AC0076B8B4 /* SlidePilot.app */,
				509B97142428B16D0076B8B4 /* SlidePilotTests.xctest */,
			);
			name = Products;
			sourceTree = "<group>";
		};
		509B96F52428A3AC0076B8B4 /* SlidePilot */ = {
			isa = PBXGroup;
			children = (
				503834542434721600E73E43 /* Sparkle.framework */,
				509B96F62428A3AC0076B8B4 /* AppDelegate.swift */,
				50440BB824339CEA000C0C9E /* README.md */,
				5077493A247A8C4000316F0B /* NavigationWindow.swift */,
				503FFDFB242A180000B6F438 /* PresenterWindowController.swift */,
				50774939247A8C4000316F0B /* PresenterWindow.swift */,
				509B96F82428A3AC0076B8B4 /* PresenterViewController.swift */,
				503FFDFD242A193500B6F438 /* PresentationWindowController.swift */,
				50FF8D9D242CC32C00B0389B /* PresentationWindow.swift */,
				503FFE01242A195300B6F438 /* PresentationViewController.swift */,
				509B96FC2428A3AE0076B8B4 /* Main.storyboard */,
				50C77F3B242CD32500066752 /* Localizable.strings */,
				509B97062428A3C40076B8B4 /* Views */,
				50026AD32430F0CC0049387E /* Helpers */,
				50FA6B992453606600EDEFC6 /* Controllers */,
				509B96FA2428A3AE0076B8B4 /* Assets.xcassets */,
				509B96FF2428A3AE0076B8B4 /* Info.plist */,
				509B97002428A3AE0076B8B4 /* SlidePilot.entitlements */,
			);
			path = SlidePilot;
			sourceTree = "<group>";
		};
		509B97062428A3C40076B8B4 /* Views */ = {
			isa = PBXGroup;
			children = (
				5004C7FC248FE9E70075E02D /* Drawing */,
				50E2E5E6247AA11300CE6FDA /* Notes */,
				50DD8B2724587FC600E83784 /* TouchBar */,
				509B97272428CBA20076B8B4 /* Slide */,
				50440BB124335787000C0C9E /* Thumbnail */,
				509B970F2428B1530076B8B4 /* Time */,
				50440BB02433574D000C0C9E /* Presentation */,
				50440BB4243357C1000C0C9E /* Clipfree.swift */,
				508BBD612460591800F81FFF /* UserNotice.swift */,
				50B1441624803E5C00532A8B /* SlideInfoLabel.swift */,
			);
			path = Views;
			sourceTree = "<group>";
		};
		509B970F2428B1530076B8B4 /* Time */ = {
			isa = PBXGroup;
			children = (
				509B97092428A6FD0076B8B4 /* TimeView.swift */,
				509B970B2428AA2F0076B8B4 /* TimingControl.swift */,
				509B971E2428B6A10076B8B4 /* ClockLabel.swift */,
				509B970D2428B0A90076B8B4 /* TimeInterval+Extension.swift */,
			);
			path = Time;
			sourceTree = "<group>";
		};
		509B97152428B16D0076B8B4 /* SlidePilotTests */ = {
			isa = PBXGroup;
			children = (
				509B97162428B16D0076B8B4 /* TimeIntervalExtTests.swift */,
				509B97182428B16D0076B8B4 /* Info.plist */,
			);
			path = SlidePilotTests;
			sourceTree = "<group>";
		};
		509B97272428CBA20076B8B4 /* Slide */ = {
			isa = PBXGroup;
			children = (
				509B97072428A3DD0076B8B4 /* PDFPageView.swift */,
				509B97282428CBBD0076B8B4 /* SlideArrangementView.swift */,
				5028D31B245D835A00DD45F3 /* SlideArrangementView+ViewSetup.swift */,
				509B972E2428D74E0076B8B4 /* SlideView.swift */,
				50208BA42429028000444E73 /* NSColor+Extension.swift */,
				503FFDF9242A098900B6F438 /* NSDatePicker+Extension.swift */,
				500A5A47242B52D100EFE246 /* NSImageView+Extension.swift */,
				50026AA12430AC0B0049387E /* SplitView.swift */,
			);
			path = Slide;
			sourceTree = "<group>";
		};
		50DD8B2724587FC600E83784 /* TouchBar */ = {
			isa = PBXGroup;
			children = (
				50DD8B282458819600E83784 /* PresenterWindowController+TouchBar.swift */,
				50DD8B2A245881C700E83784 /* TouchBarIdentifiers.swift */,
				50DD8B2C2458DCED00E83784 /* PointerAppearanceTouchBar.swift */,
			);
			path = TouchBar;
			sourceTree = "<group>";
		};
		50E2E5E6247AA11300CE6FDA /* Notes */ = {
			isa = PBXGroup;
			children = (
				50E2E5E7247AA12800CE6FDA /* NotesTextView.swift */,
				50B14414248037F700532A8B /* NotesEditor.swift */,
			);
			path = Notes;
			sourceTree = "<group>";
		};
		50FA6B992453606600EDEFC6 /* Controllers */ = {
			isa = PBXGroup;
			children = (
				50FA6B97245356F000EDEFC6 /* PageController.swift */,
				50EF741124538F690028DB06 /* DocumentController.swift */,
				5070AA5924619C400025B8C5 /* TimeController.swift */,
				50EF741324539A3E0028DB06 /* DisplayController.swift */,
				50849E7C247D3D0C00548712 /* TextFormatController.swift */,
				5033EBB724913A0800B05094 /* CanvasController.swift */,
				50C46F78247E76AD001602EA /* CompletionStatus.swift */,
			);
			path = Controllers;
			sourceTree = "<group>";
		};
/* End PBXGroup section */

/* Begin PBXNativeTarget section */
		509B96F22428A3AC0076B8B4 /* SlidePilot */ = {
			isa = PBXNativeTarget;
			buildConfigurationList = 509B97032428A3AE0076B8B4 /* Build configuration list for PBXNativeTarget "SlidePilot" */;
			buildPhases = (
				509B96EF2428A3AC0076B8B4 /* Sources */,
				509B96F02428A3AC0076B8B4 /* Frameworks */,
				509B96F12428A3AC0076B8B4 /* Resources */,
				503834562434722B00E73E43 /* CopyFiles */,
			);
			buildRules = (
			);
			dependencies = (
			);
			name = SlidePilot;
			productName = Slidejar;
			productReference = 509B96F32428A3AC0076B8B4 /* SlidePilot.app */;
			productType = "com.apple.product-type.application";
		};
		509B97132428B16D0076B8B4 /* SlidePilotTests */ = {
			isa = PBXNativeTarget;
			buildConfigurationList = 509B971B2428B16D0076B8B4 /* Build configuration list for PBXNativeTarget "SlidePilotTests" */;
			buildPhases = (
				509B97102428B16D0076B8B4 /* Sources */,
				509B97112428B16D0076B8B4 /* Frameworks */,
				509B97122428B16D0076B8B4 /* Resources */,
			);
			buildRules = (
			);
			dependencies = (
				509B971A2428B16D0076B8B4 /* PBXTargetDependency */,
			);
			name = SlidePilotTests;
			productName = SlidejarTests;
			productReference = 509B97142428B16D0076B8B4 /* SlidePilotTests.xctest */;
			productType = "com.apple.product-type.bundle.unit-test";
		};
/* End PBXNativeTarget section */

/* Begin PBXProject section */
		509B96EB2428A3AC0076B8B4 /* Project object */ = {
			isa = PBXProject;
			attributes = {
				LastSwiftUpdateCheck = 1130;
				LastUpgradeCheck = 1140;
				ORGANIZATIONNAME = "Pascal Braband";
				TargetAttributes = {
					509B96F22428A3AC0076B8B4 = {
						CreatedOnToolsVersion = 11.3.1;
					};
					509B97132428B16D0076B8B4 = {
						CreatedOnToolsVersion = 11.3.1;
						TestTargetID = 509B96F22428A3AC0076B8B4;
					};
				};
			};
			buildConfigurationList = 509B96EE2428A3AC0076B8B4 /* Build configuration list for PBXProject "SlidePilot" */;
			compatibilityVersion = "Xcode 9.3";
			developmentRegion = en;
			hasScannedForEncodings = 0;
			knownRegions = (
				en,
				Base,
				de,
				fr,
			);
			mainGroup = 509B96EA2428A3AC0076B8B4;
			productRefGroup = 509B96F42428A3AC0076B8B4 /* Products */;
			projectDirPath = "";
			projectRoot = "";
			targets = (
				509B96F22428A3AC0076B8B4 /* SlidePilot */,
				509B97132428B16D0076B8B4 /* SlidePilotTests */,
			);
		};
/* End PBXProject section */

/* Begin PBXResourcesBuildPhase section */
		509B96F12428A3AC0076B8B4 /* Resources */ = {
			isa = PBXResourcesBuildPhase;
			buildActionMask = 2147483647;
			files = (
				509B96FB2428A3AE0076B8B4 /* Assets.xcassets in Resources */,
				50C77F39242CD32500066752 /* Localizable.strings in Resources */,
				50440BB924339CEA000C0C9E /* README.md in Resources */,
				509B96FE2428A3AE0076B8B4 /* Main.storyboard in Resources */,
			);
			runOnlyForDeploymentPostprocessing = 0;
		};
		509B97122428B16D0076B8B4 /* Resources */ = {
			isa = PBXResourcesBuildPhase;
			buildActionMask = 2147483647;
			files = (
			);
			runOnlyForDeploymentPostprocessing = 0;
		};
/* End PBXResourcesBuildPhase section */

/* Begin PBXSourcesBuildPhase section */
		509B96EF2428A3AC0076B8B4 /* Sources */ = {
			isa = PBXSourcesBuildPhase;
			buildActionMask = 2147483647;
			files = (
				50B14415248037F700532A8B /* NotesEditor.swift in Sources */,
				50B3C3032497F5DB006D5E48 /* Drawing.swift in Sources */,
				50B3C3052497F6D4006D5E48 /* CanvasView.swift in Sources */,
				5028D31D245D835A00DD45F3 /* SlideArrangementView+ViewSetup.swift in Sources */,
				50C46F79247E76AD001602EA /* CompletionStatus.swift in Sources */,
				509B97082428A3DD0076B8B4 /* PDFPageView.swift in Sources */,
				509B97292428CBBD0076B8B4 /* SlideArrangementView.swift in Sources */,
				50EF741224538F690028DB06 /* DocumentController.swift in Sources */,
				50208BA52429028000444E73 /* NSColor+Extension.swift in Sources */,
				50026AD02430EED80049387E /* String+Extension.swift in Sources */,
				50E2E5EC247AB84C00CE6FDA /* NotesDocument.swift in Sources */,
				50B1441724803E5C00532A8B /* SlideInfoLabel.swift in Sources */,
				509B96F92428A3AC0076B8B4 /* PresenterViewController.swift in Sources */,
				500ECC9E24A15C050053F2EC /* PointerDisplayView.swift in Sources */,
				50DD8B2B245881C700E83784 /* TouchBarIdentifiers.swift in Sources */,
				503FFDFC242A180000B6F438 /* PresenterWindowController.swift in Sources */,
				5077493C247A8C4000316F0B /* NavigationWindow.swift in Sources */,
				50026AA22430AC0B0049387E /* SplitView.swift in Sources */,
				50440BB5243357C1000C0C9E /* Clipfree.swift in Sources */,
				509B971F2428B6A10076B8B4 /* ClockLabel.swift in Sources */,
				5033EBB824913A0800B05094 /* CanvasController.swift in Sources */,
				508BBD622460591800F81FFF /* UserNotice.swift in Sources */,
				505243B72445AF650050AB98 /* RenderCache.swift in Sources */,
				509B970A2428A6FD0076B8B4 /* TimeView.swift in Sources */,
				50FA6B98245356F000EDEFC6 /* PageController.swift in Sources */,
				50DD8B292458819600E83784 /* PresenterWindowController+TouchBar.swift in Sources */,
				509B972F2428D74E0076B8B4 /* SlideView.swift in Sources */,
				5038345C24349F4B00E73E43 /* Colors.swift in Sources */,
				503FFDFF242A193500B6F438 /* PresentationWindowController.swift in Sources */,
				508BBD642460966800F81FFF /* CAKeyframeAnimation+Extension.swift in Sources */,
				509B970C2428AA2F0076B8B4 /* TimingControl.swift in Sources */,
				50E2E5E8247AA12800CE6FDA /* NotesTextView.swift in Sources */,
				50440BB3243357AA000C0C9E /* ThumbnailView.swift in Sources */,
				503FFDFA242A098900B6F438 /* NSDatePicker+Extension.swift in Sources */,
				500A5A4A242B8D9900EFE246 /* PointerView.swift in Sources */,
				5025C9B02490EBA0001898D1 /* DrawingToolbar.swift in Sources */,
				509B96F72428A3AC0076B8B4 /* AppDelegate.swift in Sources */,
				509B970E2428B0A90076B8B4 /* TimeInterval+Extension.swift in Sources */,
				50FF8D9E242CC32C00B0389B /* PresentationWindow.swift in Sources */,
				5077493B247A8C4000316F0B /* PresenterWindow.swift in Sources */,
				50E2E5EE247AC05500CE6FDA /* NSAttributedString+Extension.swift in Sources */,
				50849E7D247D3D0C00548712 /* TextFormatController.swift in Sources */,
				50EF741424539A3E0028DB06 /* DisplayController.swift in Sources */,
				50440BB7243357F5000C0C9E /* ThumbnailNavigation.swift in Sources */,
				50026AD22430F02F0049387E /* PDFPage+Extension.swift in Sources */,
				5004C800248FEB110075E02D /* ColorSwatchButton.swift in Sources */,
				500A5A48242B52D100EFE246 /* NSImageView+Extension.swift in Sources */,
				503FFE02242A195300B6F438 /* PresentationViewController.swift in Sources */,
				5070AA5A24619C400025B8C5 /* TimeController.swift in Sources */,
				50FA9A782498B13E0046E2C0 /* IconButton.swift in Sources */,
				5036BD8A2435F8CD0007AF6F /* AppStartTracker.swift in Sources */,
				50DD8B2D2458DCED00E83784 /* PointerAppearanceTouchBar.swift in Sources */,
			);
			runOnlyForDeploymentPostprocessing = 0;
		};
		509B97102428B16D0076B8B4 /* Sources */ = {
			isa = PBXSourcesBuildPhase;
			buildActionMask = 2147483647;
			files = (
				509B97172428B16D0076B8B4 /* TimeIntervalExtTests.swift in Sources */,
			);
			runOnlyForDeploymentPostprocessing = 0;
		};
/* End PBXSourcesBuildPhase section */

/* Begin PBXTargetDependency section */
		509B971A2428B16D0076B8B4 /* PBXTargetDependency */ = {
			isa = PBXTargetDependency;
			target = 509B96F22428A3AC0076B8B4 /* SlidePilot */;
			targetProxy = 509B97192428B16D0076B8B4 /* PBXContainerItemProxy */;
		};
/* End PBXTargetDependency section */

/* Begin PBXVariantGroup section */
		509B96FC2428A3AE0076B8B4 /* Main.storyboard */ = {
			isa = PBXVariantGroup;
			children = (
				509B96FD2428A3AE0076B8B4 /* Base */,
				50C77F2F242CCCC800066752 /* de */,
				504450A0245ADFB900330984 /* fr */,
			);
			name = Main.storyboard;
			sourceTree = "<group>";
		};
		50C77F3B242CD32500066752 /* Localizable.strings */ = {
			isa = PBXVariantGroup;
			children = (
				50C77F3A242CD32500066752 /* en */,
				50C77F3C242CD32600066752 /* de */,
				504450A1245ADFB900330984 /* fr */,
			);
			name = Localizable.strings;
			sourceTree = "<group>";
		};
/* End PBXVariantGroup section */

/* Begin XCBuildConfiguration section */
		509B97012428A3AE0076B8B4 /* Debug */ = {
			isa = XCBuildConfiguration;
			buildSettings = {
				ALWAYS_SEARCH_USER_PATHS = NO;
				CLANG_ANALYZER_LOCALIZABILITY_NONLOCALIZED = YES;
				CLANG_ANALYZER_NONNULL = YES;
				CLANG_ANALYZER_NUMBER_OBJECT_CONVERSION = YES_AGGRESSIVE;
				CLANG_CXX_LANGUAGE_STANDARD = "gnu++14";
				CLANG_CXX_LIBRARY = "libc++";
				CLANG_ENABLE_MODULES = YES;
				CLANG_ENABLE_OBJC_ARC = YES;
				CLANG_ENABLE_OBJC_WEAK = YES;
				CLANG_WARN_BLOCK_CAPTURE_AUTORELEASING = YES;
				CLANG_WARN_BOOL_CONVERSION = YES;
				CLANG_WARN_COMMA = YES;
				CLANG_WARN_CONSTANT_CONVERSION = YES;
				CLANG_WARN_DEPRECATED_OBJC_IMPLEMENTATIONS = YES;
				CLANG_WARN_DIRECT_OBJC_ISA_USAGE = YES_ERROR;
				CLANG_WARN_DOCUMENTATION_COMMENTS = YES;
				CLANG_WARN_EMPTY_BODY = YES;
				CLANG_WARN_ENUM_CONVERSION = YES;
				CLANG_WARN_INFINITE_RECURSION = YES;
				CLANG_WARN_INT_CONVERSION = YES;
				CLANG_WARN_NON_LITERAL_NULL_CONVERSION = YES;
				CLANG_WARN_OBJC_IMPLICIT_RETAIN_SELF = YES;
				CLANG_WARN_OBJC_LITERAL_CONVERSION = YES;
				CLANG_WARN_OBJC_ROOT_CLASS = YES_ERROR;
				CLANG_WARN_RANGE_LOOP_ANALYSIS = YES;
				CLANG_WARN_STRICT_PROTOTYPES = YES;
				CLANG_WARN_SUSPICIOUS_MOVE = YES;
				CLANG_WARN_UNGUARDED_AVAILABILITY = YES_AGGRESSIVE;
				CLANG_WARN_UNREACHABLE_CODE = YES;
				CLANG_WARN__DUPLICATE_METHOD_MATCH = YES;
				COPY_PHASE_STRIP = NO;
				DEBUG_INFORMATION_FORMAT = dwarf;
				ENABLE_STRICT_OBJC_MSGSEND = YES;
				ENABLE_TESTABILITY = YES;
				GCC_C_LANGUAGE_STANDARD = gnu11;
				GCC_DYNAMIC_NO_PIC = NO;
				GCC_NO_COMMON_BLOCKS = YES;
				GCC_OPTIMIZATION_LEVEL = 0;
				GCC_PREPROCESSOR_DEFINITIONS = (
					"DEBUG=1",
					"$(inherited)",
				);
				GCC_WARN_64_TO_32_BIT_CONVERSION = YES;
				GCC_WARN_ABOUT_RETURN_TYPE = YES_ERROR;
				GCC_WARN_UNDECLARED_SELECTOR = YES;
				GCC_WARN_UNINITIALIZED_AUTOS = YES_AGGRESSIVE;
				GCC_WARN_UNUSED_FUNCTION = YES;
				GCC_WARN_UNUSED_VARIABLE = YES;
				MACOSX_DEPLOYMENT_TARGET = 10.15;
				MTL_ENABLE_DEBUG_INFO = INCLUDE_SOURCE;
				MTL_FAST_MATH = YES;
				ONLY_ACTIVE_ARCH = YES;
				SDKROOT = macosx;
				SWIFT_ACTIVE_COMPILATION_CONDITIONS = DEBUG;
				SWIFT_OPTIMIZATION_LEVEL = "-Onone";
			};
			name = Debug;
		};
		509B97022428A3AE0076B8B4 /* Release */ = {
			isa = XCBuildConfiguration;
			buildSettings = {
				ALWAYS_SEARCH_USER_PATHS = NO;
				CLANG_ANALYZER_LOCALIZABILITY_NONLOCALIZED = YES;
				CLANG_ANALYZER_NONNULL = YES;
				CLANG_ANALYZER_NUMBER_OBJECT_CONVERSION = YES_AGGRESSIVE;
				CLANG_CXX_LANGUAGE_STANDARD = "gnu++14";
				CLANG_CXX_LIBRARY = "libc++";
				CLANG_ENABLE_MODULES = YES;
				CLANG_ENABLE_OBJC_ARC = YES;
				CLANG_ENABLE_OBJC_WEAK = YES;
				CLANG_WARN_BLOCK_CAPTURE_AUTORELEASING = YES;
				CLANG_WARN_BOOL_CONVERSION = YES;
				CLANG_WARN_COMMA = YES;
				CLANG_WARN_CONSTANT_CONVERSION = YES;
				CLANG_WARN_DEPRECATED_OBJC_IMPLEMENTATIONS = YES;
				CLANG_WARN_DIRECT_OBJC_ISA_USAGE = YES_ERROR;
				CLANG_WARN_DOCUMENTATION_COMMENTS = YES;
				CLANG_WARN_EMPTY_BODY = YES;
				CLANG_WARN_ENUM_CONVERSION = YES;
				CLANG_WARN_INFINITE_RECURSION = YES;
				CLANG_WARN_INT_CONVERSION = YES;
				CLANG_WARN_NON_LITERAL_NULL_CONVERSION = YES;
				CLANG_WARN_OBJC_IMPLICIT_RETAIN_SELF = YES;
				CLANG_WARN_OBJC_LITERAL_CONVERSION = YES;
				CLANG_WARN_OBJC_ROOT_CLASS = YES_ERROR;
				CLANG_WARN_RANGE_LOOP_ANALYSIS = YES;
				CLANG_WARN_STRICT_PROTOTYPES = YES;
				CLANG_WARN_SUSPICIOUS_MOVE = YES;
				CLANG_WARN_UNGUARDED_AVAILABILITY = YES_AGGRESSIVE;
				CLANG_WARN_UNREACHABLE_CODE = YES;
				CLANG_WARN__DUPLICATE_METHOD_MATCH = YES;
				COPY_PHASE_STRIP = NO;
				DEBUG_INFORMATION_FORMAT = "dwarf-with-dsym";
				ENABLE_NS_ASSERTIONS = NO;
				ENABLE_STRICT_OBJC_MSGSEND = YES;
				GCC_C_LANGUAGE_STANDARD = gnu11;
				GCC_NO_COMMON_BLOCKS = YES;
				GCC_WARN_64_TO_32_BIT_CONVERSION = YES;
				GCC_WARN_ABOUT_RETURN_TYPE = YES_ERROR;
				GCC_WARN_UNDECLARED_SELECTOR = YES;
				GCC_WARN_UNINITIALIZED_AUTOS = YES_AGGRESSIVE;
				GCC_WARN_UNUSED_FUNCTION = YES;
				GCC_WARN_UNUSED_VARIABLE = YES;
				MACOSX_DEPLOYMENT_TARGET = 10.15;
				MTL_ENABLE_DEBUG_INFO = NO;
				MTL_FAST_MATH = YES;
				SDKROOT = macosx;
				SWIFT_COMPILATION_MODE = wholemodule;
				SWIFT_OPTIMIZATION_LEVEL = "-O";
			};
			name = Release;
		};
		509B97042428A3AE0076B8B4 /* Debug */ = {
			isa = XCBuildConfiguration;
			buildSettings = {
				ASSETCATALOG_COMPILER_APPICON_NAME = AppIcon;
				CODE_SIGN_ENTITLEMENTS = SlidePilot/SlidePilot.entitlements;
				CODE_SIGN_IDENTITY = "Apple Development";
				CODE_SIGN_STYLE = Automatic;
				COMBINE_HIDPI_IMAGES = YES;
				CURRENT_PROJECT_VERSION = 1.4.1.1;
				DEVELOPMENT_TEAM = FFSR8KUJW2;
				ENABLE_HARDENED_RUNTIME = YES;
				FRAMEWORK_SEARCH_PATHS = (
					"$(inherited)",
					"$(PROJECT_DIR)/SlidePilot",
				);
				INFOPLIST_FILE = SlidePilot/Info.plist;
				LD_RUNPATH_SEARCH_PATHS = (
					"$(inherited)",
					"@executable_path/../Frameworks",
					"@loader_path/../Frameworks",
				);
				MACOSX_DEPLOYMENT_TARGET = 10.11;
				MARKETING_VERSION = 1.4.1;
				PRODUCT_BUNDLE_IDENTIFIER = de.pascalbraband.SlidePilot;
				PRODUCT_NAME = "$(TARGET_NAME)";
				SWIFT_VERSION = 5.0;
			};
			name = Debug;
		};
		509B97052428A3AE0076B8B4 /* Release */ = {
			isa = XCBuildConfiguration;
			buildSettings = {
				ASSETCATALOG_COMPILER_APPICON_NAME = AppIcon;
				CODE_SIGN_ENTITLEMENTS = SlidePilot/SlidePilot.entitlements;
				CODE_SIGN_IDENTITY = "Apple Development";
				CODE_SIGN_STYLE = Automatic;
				COMBINE_HIDPI_IMAGES = YES;
				CURRENT_PROJECT_VERSION = 1.4.1.1;
				DEVELOPMENT_TEAM = FFSR8KUJW2;
				ENABLE_HARDENED_RUNTIME = YES;
				FRAMEWORK_SEARCH_PATHS = (
					"$(inherited)",
					"$(PROJECT_DIR)/SlidePilot",
				);
				INFOPLIST_FILE = SlidePilot/Info.plist;
				LD_RUNPATH_SEARCH_PATHS = (
					"$(inherited)",
					"@executable_path/../Frameworks",
					"@loader_path/../Frameworks",
				);
				MACOSX_DEPLOYMENT_TARGET = 10.11;
				MARKETING_VERSION = 1.4.1;
				PRODUCT_BUNDLE_IDENTIFIER = de.pascalbraband.SlidePilot;
				PRODUCT_NAME = "$(TARGET_NAME)";
				SWIFT_VERSION = 5.0;
			};
			name = Release;
		};
		509B971C2428B16D0076B8B4 /* Debug */ = {
			isa = XCBuildConfiguration;
			buildSettings = {
				BUNDLE_LOADER = "$(TEST_HOST)";
				CODE_SIGN_STYLE = Automatic;
				COMBINE_HIDPI_IMAGES = YES;
				DEVELOPMENT_TEAM = NL97TS4Q9A;
				INFOPLIST_FILE = SlidePilotTests/Info.plist;
				LD_RUNPATH_SEARCH_PATHS = (
					"$(inherited)",
					"@executable_path/../Frameworks",
					"@loader_path/../Frameworks",
				);
				PRODUCT_BUNDLE_IDENTIFIER = de.pascalbraband.SlidePilotTests;
				PRODUCT_NAME = "$(TARGET_NAME)";
				SWIFT_VERSION = 5.0;
				TEST_HOST = "$(BUILT_PRODUCTS_DIR)/SlidePilot.app/Contents/MacOS/SlidePilot";
			};
			name = Debug;
		};
		509B971D2428B16D0076B8B4 /* Release */ = {
			isa = XCBuildConfiguration;
			buildSettings = {
				BUNDLE_LOADER = "$(TEST_HOST)";
				CODE_SIGN_STYLE = Automatic;
				COMBINE_HIDPI_IMAGES = YES;
				DEVELOPMENT_TEAM = NL97TS4Q9A;
				INFOPLIST_FILE = SlidePilotTests/Info.plist;
				LD_RUNPATH_SEARCH_PATHS = (
					"$(inherited)",
					"@executable_path/../Frameworks",
					"@loader_path/../Frameworks",
				);
				PRODUCT_BUNDLE_IDENTIFIER = de.pascalbraband.SlidePilotTests;
				PRODUCT_NAME = "$(TARGET_NAME)";
				SWIFT_VERSION = 5.0;
				TEST_HOST = "$(BUILT_PRODUCTS_DIR)/SlidePilot.app/Contents/MacOS/SlidePilot";
			};
			name = Release;
		};
/* End XCBuildConfiguration section */

/* Begin XCConfigurationList section */
		509B96EE2428A3AC0076B8B4 /* Build configuration list for PBXProject "SlidePilot" */ = {
			isa = XCConfigurationList;
			buildConfigurations = (
				509B97012428A3AE0076B8B4 /* Debug */,
				509B97022428A3AE0076B8B4 /* Release */,
			);
			defaultConfigurationIsVisible = 0;
			defaultConfigurationName = Release;
		};
		509B97032428A3AE0076B8B4 /* Build configuration list for PBXNativeTarget "SlidePilot" */ = {
			isa = XCConfigurationList;
			buildConfigurations = (
				509B97042428A3AE0076B8B4 /* Debug */,
				509B97052428A3AE0076B8B4 /* Release */,
			);
			defaultConfigurationIsVisible = 0;
			defaultConfigurationName = Release;
		};
		509B971B2428B16D0076B8B4 /* Build configuration list for PBXNativeTarget "SlidePilotTests" */ = {
			isa = XCConfigurationList;
			buildConfigurations = (
				509B971C2428B16D0076B8B4 /* Debug */,
				509B971D2428B16D0076B8B4 /* Release */,
			);
			defaultConfigurationIsVisible = 0;
			defaultConfigurationName = Release;
		};
/* End XCConfigurationList section */
	};
	rootObject = 509B96EB2428A3AC0076B8B4 /* Project object */;
}
